
Microsoft Visual Studio Solution File, Format Version 12.00
# Visual Studio Version 16
VisualStudioVersion = 16.0.32802.440
MinimumVisualStudioVersion = 10.0.40219.1
Project("{FAE04EC0-301F-11D3-BF4B-00C04F79EFBC}") = "Front-to-back", "Front-to-back\Front-to-back.csproj", "{C494B3BC-0045-4E39-B82B-A4F6242CC6D3}"
EndProject
Global
	GlobalSection(SolutionConfigurationPlatforms) = preSolution
		Debug|Any CPU = Debug|Any CPU
		Release|Any CPU = Release|Any CPU
	EndGlobalSection
	GlobalSection(ProjectConfigurationPlatforms) = postSolution
		{C494B3BC-0045-4E39-B82B-A4F6242CC6D3}.Debug|Any CPU.ActiveCfg = Debug|Any CPU
		{C494B3BC-0045-4E39-B82B-A4F6242CC6D3}.Debug|Any CPU.Build.0 = Debug|Any CPU
		{C494B3BC-0045-4E39-B82B-A4F6242CC6D3}.Release|Any CPU.ActiveCfg = Release|Any CPU
		{C494B3BC-0045-4E39-B82B-A4F6242CC6D3}.Release|Any CPU.Build.0 = Release|Any CPU
	EndGlobalSection
	GlobalSection(SolutionProperties) = preSolution
		HideSolutionNode = FALSE
	EndGlobalSection
	GlobalSection(ExtensibilityGlobals) = postSolution
		SolutionGuid = {297041AA-9A8E-499A-9999-9E488FF55E69}
	EndGlobalSection
EndGlobal
